
Microsoft Visual Studio Solution File, Format Version 12.00
# Visual Studio Version 17
VisualStudioVersion = 17.0.31903.59
MinimumVisualStudioVersion = 10.0.40219.1
Project("{FAE04EC0-301F-11D3-BF4B-00C04F79EFBC}") = "Bidibip", "src\Bidibip\Bidibip.csproj", "{A1B2C3D4-E5F6-7890-ABCD-EF1234567890}"
EndProject
Project("{FAE04EC0-301F-11D3-BF4B-00C04F79EFBC}") = "Bidibip.Plugin.Sdk", "src\Bidibip.Plugin.Sdk\Bidibip.Plugin.Sdk.csproj", "{B2C3D4E5-F6A7-8901-BCDE-F12345678901}"
EndProject
Project("{FAE04EC0-301F-11D3-BF4B-00C04F79EFBC}") = "Bidibip.Plugins.Example", "src\plugins\Bidibip.Plugins.Example\Bidibip.Plugins.Example.csproj", "{C3D4E5F6-A7B8-9012-CDEF-123456789012}"
EndProject
Project("{FAE04EC0-301F-11D3-BF4B-00C04F79EFBC}") = "Bidibip.Plugins.Help", "src\plugins\Bidibip.Plugins.Help\Bidibip.Plugins.Help.csproj", "{D4E5F6A7-B8C9-0123-DEFA-234567890123}"
EndProject
Project("{2150E333-8FDC-42A3-9474-1A3956D46DE8}") = "src", "src", "{827E0CD3-B72D-47B6-A68D-7590B98EB39B}"
EndProject
Project("{FAE04EC0-301F-11D3-BF4B-00C04F79EFBC}") = "Bidibip.Plugins.Admin", "src\plugins\Bidibip.Plugins.Admin\Bidibip.Plugins.Admin.csproj", "{DCAE6502-C8F7-4CE7-AEFA-F8ED5F5B628C}"
EndProject
Project("{FAE04EC0-301F-11D3-BF4B-00C04F79EFBC}") = "Bidibip.Plugins.UserCount", "src\plugins\Bidibip.Plugins.UserCount\Bidibip.Plugins.UserCount.csproj", "{28A8EAC5-8E5D-4C67-9928-94569AA6767E}"
EndProject
Project("{FAE04EC0-301F-11D3-BF4B-00C04F79EFBC}") = "Bidibip.Plugins.Log", "src\plugins\Bidibip.Plugins.Log\Bidibip.Plugins.Log.csproj", "{10A86457-DA04-4F68-B7DE-B2528BE5CFA0}"
EndProject
Project("{FAE04EC0-301F-11D3-BF4B-00C04F79EFBC}") = "Bidibip.Plugins.Welcome", "src\plugins\Bidibip.Plugins.Welcome\Bidibip.Plugins.Welcome.csproj", "{CFB7E4AF-6EB8-4110-B92E-B3775277D02C}"
EndProject
Project("{FAE04EC0-301F-11D3-BF4B-00C04F79EFBC}") = "Bidibip.Plugins.Say", "src\plugins\Bidibip.Plugins.Say\Bidibip.Plugins.Say.csproj", "{F50FD7C2-C45C-47F9-BFD9-C165A9570666}"
EndProject
Project("{FAE04EC0-301F-11D3-BF4B-00C04F79EFBC}") = "Bidibip.Plugins.History", "src\plugins\Bidibip.Plugins.History\Bidibip.Plugins.History.csproj", "{2D00726D-0EF1-44BD-8DE0-5316BEC74DED}"
EndProject
Project("{FAE04EC0-301F-11D3-BF4B-00C04F79EFBC}") = "Bidibip.Plugins.Modo", "src\plugins\Bidibip.Plugins.Modo\Bidibip.Plugins.Modo.csproj", "{3D5C48EE-F5BD-4AD1-BFED-049C4887E683}"
EndProject
Project("{FAE04EC0-301F-11D3-BF4B-00C04F79EFBC}") = "Bidibip.Plugins.Reglement", "src\plugins\Bidibip.Plugins.Reglement\Bidibip.Plugins.Reglement.csproj", "{354A62FD-950F-410E-A138-73D203C5650F}"
EndProject
Project("{FAE04EC0-301F-11D3-BF4B-00C04F79EFBC}") = "Bidibip.Plugins.Warn", "src\plugins\Bidibip.Plugins.Warn\Bidibip.Plugins.Warn.csproj", "{40E52C16-881C-4BAE-8A01-E1AD187290DA}"
EndProject
Project("{FAE04EC0-301F-11D3-BF4B-00C04F79EFBC}") = "Bidibip.Plugins.AntiSpam", "src\plugins\Bidibip.Plugins.AntiSpam\Bidibip.Plugins.AntiSpam.csproj", "{C79D3FD6-ED67-46F1-9349-D9CFE23E05DF}"
EndProject
Project("{FAE04EC0-301F-11D3-BF4B-00C04F79EFBC}") = "Bidibip.Plugins.Repost", "src\plugins\Bidibip.Plugins.Repost\Bidibip.Plugins.Repost.csproj", "{102A97B2-B61C-480F-80F6-B98CD6E90F86}"
EndProject
Project("{FAE04EC0-301F-11D3-BF4B-00C04F79EFBC}") = "Bidibip.Plugins.Advertising", "src\plugins\Bidibip.Plugins.Advertising\Bidibip.Plugins.Advertising.csproj", "{7BAE549D-B6D6-4CD5-A58A-F0A07582BB7E}"
EndProject
Global
	GlobalSection(SolutionConfigurationPlatforms) = preSolution
		Debug|Any CPU = Debug|Any CPU
		Debug|x64 = Debug|x64
		Debug|x86 = Debug|x86
		Release|Any CPU = Release|Any CPU
		Release|x64 = Release|x64
		Release|x86 = Release|x86
	EndGlobalSection
	GlobalSection(ProjectConfigurationPlatforms) = postSolution
		{A1B2C3D4-E5F6-7890-ABCD-EF1234567890}.Debug|Any CPU.ActiveCfg = Debug|Any CPU
		{A1B2C3D4-E5F6-7890-ABCD-EF1234567890}.Debug|Any CPU.Build.0 = Debug|Any CPU
		{A1B2C3D4-E5F6-7890-ABCD-EF1234567890}.Debug|x64.ActiveCfg = Debug|Any CPU
		{A1B2C3D4-E5F6-7890-ABCD-EF1234567890}.Debug|x64.Build.0 = Debug|Any CPU
		{A1B2C3D4-E5F6-7890-ABCD-EF1234567890}.Debug|x86.ActiveCfg = Debug|Any CPU
		{A1B2C3D4-E5F6-7890-ABCD-EF1234567890}.Debug|x86.Build.0 = Debug|Any CPU
		{A1B2C3D4-E5F6-7890-ABCD-EF1234567890}.Release|Any CPU.ActiveCfg = Release|Any CPU
		{A1B2C3D4-E5F6-7890-ABCD-EF1234567890}.Release|Any CPU.Build.0 = Release|Any CPU
		{A1B2C3D4-E5F6-7890-ABCD-EF1234567890}.Release|x64.ActiveCfg = Release|Any CPU
		{A1B2C3D4-E5F6-7890-ABCD-EF1234567890}.Release|x64.Build.0 = Release|Any CPU
		{A1B2C3D4-E5F6-7890-ABCD-EF1234567890}.Release|x86.ActiveCfg = Release|Any CPU
		{A1B2C3D4-E5F6-7890-ABCD-EF1234567890}.Release|x86.Build.0 = Release|Any CPU
		{B2C3D4E5-F6A7-8901-BCDE-F12345678901}.Debug|Any CPU.ActiveCfg = Debug|Any CPU
		{B2C3D4E5-F6A7-8901-BCDE-F12345678901}.Debug|Any CPU.Build.0 = Debug|Any CPU
		{B2C3D4E5-F6A7-8901-BCDE-F12345678901}.Debug|x64.ActiveCfg = Debug|Any CPU
		{B2C3D4E5-F6A7-8901-BCDE-F12345678901}.Debug|x64.Build.0 = Debug|Any CPU
		{B2C3D4E5-F6A7-8901-BCDE-F12345678901}.Debug|x86.ActiveCfg = Debug|Any CPU
		{B2C3D4E5-F6A7-8901-BCDE-F12345678901}.Debug|x86.Build.0 = Debug|Any CPU
		{B2C3D4E5-F6A7-8901-BCDE-F12345678901}.Release|Any CPU.ActiveCfg = Release|Any CPU
		{B2C3D4E5-F6A7-8901-BCDE-F12345678901}.Release|Any CPU.Build.0 = Release|Any CPU
		{B2C3D4E5-F6A7-8901-BCDE-F12345678901}.Release|x64.ActiveCfg = Release|Any CPU
		{B2C3D4E5-F6A7-8901-BCDE-F12345678901}.Release|x64.Build.0 = Release|Any CPU
		{B2C3D4E5-F6A7-8901-BCDE-F12345678901}.Release|x86.ActiveCfg = Release|Any CPU
		{B2C3D4E5-F6A7-8901-BCDE-F12345678901}.Release|x86.Build.0 = Release|Any CPU
		{C3D4E5F6-A7B8-9012-CDEF-123456789012}.Debug|Any CPU.ActiveCfg = Debug|Any CPU
		{C3D4E5F6-A7B8-9012-CDEF-123456789012}.Debug|Any CPU.Build.0 = Debug|Any CPU
		{C3D4E5F6-A7B8-9012-CDEF-123456789012}.Debug|x64.ActiveCfg = Debug|Any CPU
		{C3D4E5F6-A7B8-9012-CDEF-123456789012}.Debug|x64.Build.0 = Debug|Any CPU
		{C3D4E5F6-A7B8-9012-CDEF-123456789012}.Debug|x86.ActiveCfg = Debug|Any CPU
		{C3D4E5F6-A7B8-9012-CDEF-123456789012}.Debug|x86.Build.0 = Debug|Any CPU
		{C3D4E5F6-A7B8-9012-CDEF-123456789012}.Release|Any CPU.ActiveCfg = Release|Any CPU
		{C3D4E5F6-A7B8-9012-CDEF-123456789012}.Release|Any CPU.Build.0 = Release|Any CPU
		{C3D4E5F6-A7B8-9012-CDEF-123456789012}.Release|x64.ActiveCfg = Release|Any CPU
		{C3D4E5F6-A7B8-9012-CDEF-123456789012}.Release|x64.Build.0 = Release|Any CPU
		{C3D4E5F6-A7B8-9012-CDEF-123456789012}.Release|x86.ActiveCfg = Release|Any CPU
		{C3D4E5F6-A7B8-9012-CDEF-123456789012}.Release|x86.Build.0 = Release|Any CPU
		{D4E5F6A7-B8C9-0123-DEFA-234567890123}.Debug|Any CPU.ActiveCfg = Debug|Any CPU
		{D4E5F6A7-B8C9-0123-DEFA-234567890123}.Debug|Any CPU.Build.0 = Debug|Any CPU
		{D4E5F6A7-B8C9-0123-DEFA-234567890123}.Debug|x64.ActiveCfg = Debug|Any CPU
		{D4E5F6A7-B8C9-0123-DEFA-234567890123}.Debug|x64.Build.0 = Debug|Any CPU
		{D4E5F6A7-B8C9-0123-DEFA-234567890123}.Debug|x86.ActiveCfg = Debug|Any CPU
		{D4E5F6A7-B8C9-0123-DEFA-234567890123}.Debug|x86.Build.0 = Debug|Any CPU
		{D4E5F6A7-B8C9-0123-DEFA-234567890123}.Release|Any CPU.ActiveCfg = Release|Any CPU
		{D4E5F6A7-B8C9-0123-DEFA-234567890123}.Release|Any CPU.Build.0 = Release|Any CPU
		{D4E5F6A7-B8C9-0123-DEFA-234567890123}.Release|x64.ActiveCfg = Release|Any CPU
		{D4E5F6A7-B8C9-0123-DEFA-234567890123}.Release|x64.Build.0 = Release|Any CPU
		{D4E5F6A7-B8C9-0123-DEFA-234567890123}.Release|x86.ActiveCfg = Release|Any CPU
		{D4E5F6A7-B8C9-0123-DEFA-234567890123}.Release|x86.Build.0 = Release|Any CPU
		{DCAE6502-C8F7-4CE7-AEFA-F8ED5F5B628C}.Debug|Any CPU.ActiveCfg = Debug|Any CPU
		{DCAE6502-C8F7-4CE7-AEFA-F8ED5F5B628C}.Debug|Any CPU.Build.0 = Debug|Any CPU
		{DCAE6502-C8F7-4CE7-AEFA-F8ED5F5B628C}.Debug|x64.ActiveCfg = Debug|Any CPU
		{DCAE6502-C8F7-4CE7-AEFA-F8ED5F5B628C}.Debug|x64.Build.0 = Debug|Any CPU
		{DCAE6502-C8F7-4CE7-AEFA-F8ED5F5B628C}.Debug|x86.ActiveCfg = Debug|Any CPU
		{DCAE6502-C8F7-4CE7-AEFA-F8ED5F5B628C}.Debug|x86.Build.0 = Debug|Any CPU
		{DCAE6502-C8F7-4CE7-AEFA-F8ED5F5B628C}.Release|Any CPU.ActiveCfg = Release|Any CPU
		{DCAE6502-C8F7-4CE7-AEFA-F8ED5F5B628C}.Release|Any CPU.Build.0 = Release|Any CPU
		{DCAE6502-C8F7-4CE7-AEFA-F8ED5F5B628C}.Release|x64.ActiveCfg = Release|Any CPU
		{DCAE6502-C8F7-4CE7-AEFA-F8ED5F5B628C}.Release|x64.Build.0 = Release|Any CPU
		{DCAE6502-C8F7-4CE7-AEFA-F8ED5F5B628C}.Release|x86.ActiveCfg = Release|Any CPU
		{DCAE6502-C8F7-4CE7-AEFA-F8ED5F5B628C}.Release|x86.Build.0 = Release|Any CPU
		{28A8EAC5-8E5D-4C67-9928-94569AA6767E}.Debug|Any CPU.ActiveCfg = Debug|Any CPU
		{28A8EAC5-8E5D-4C67-9928-94569AA6767E}.Debug|Any CPU.Build.0 = Debug|Any CPU
		{28A8EAC5-8E5D-4C67-9928-94569AA6767E}.Debug|x64.ActiveCfg = Debug|Any CPU
		{28A8EAC5-8E5D-4C67-9928-94569AA6767E}.Debug|x64.Build.0 = Debug|Any CPU
		{28A8EAC5-8E5D-4C67-9928-94569AA6767E}.Debug|x86.ActiveCfg = Debug|Any CPU
		{28A8EAC5-8E5D-4C67-9928-94569AA6767E}.Debug|x86.Build.0 = Debug|Any CPU
		{28A8EAC5-8E5D-4C67-9928-94569AA6767E}.Release|Any CPU.ActiveCfg = Release|Any CPU
		{28A8EAC5-8E5D-4C67-9928-94569AA6767E}.Release|Any CPU.Build.0 = Release|Any CPU
		{28A8EAC5-8E5D-4C67-9928-94569AA6767E}.Release|x64.ActiveCfg = Release|Any CPU
		{28A8EAC5-8E5D-4C67-9928-94569AA6767E}.Release|x64.Build.0 = Release|Any CPU
		{28A8EAC5-8E5D-4C67-9928-94569AA6767E}.Release|x86.ActiveCfg = Release|Any CPU
		{28A8EAC5-8E5D-4C67-9928-94569AA6767E}.Release|x86.Build.0 = Release|Any CPU
		{10A86457-DA04-4F68-B7DE-B2528BE5CFA0}.Debug|Any CPU.ActiveCfg = Debug|Any CPU
		{10A86457-DA04-4F68-B7DE-B2528BE5CFA0}.Debug|Any CPU.Build.0 = Debug|Any CPU
		{10A86457-DA04-4F68-B7DE-B2528BE5CFA0}.Debug|x64.ActiveCfg = Debug|Any CPU
		{10A86457-DA04-4F68-B7DE-B2528BE5CFA0}.Debug|x64.Build.0 = Debug|Any CPU
		{10A86457-DA04-4F68-B7DE-B2528BE5CFA0}.Debug|x86.ActiveCfg = Debug|Any CPU
		{10A86457-DA04-4F68-B7DE-B2528BE5CFA0}.Debug|x86.Build.0 = Debug|Any CPU
		{10A86457-DA04-4F68-B7DE-B2528BE5CFA0}.Release|Any CPU.ActiveCfg = Release|Any CPU
		{10A86457-DA04-4F68-B7DE-B2528BE5CFA0}.Release|Any CPU.Build.0 = Release|Any CPU
		{10A86457-DA04-4F68-B7DE-B2528BE5CFA0}.Release|x64.ActiveCfg = Release|Any CPU
		{10A86457-DA04-4F68-B7DE-B2528BE5CFA0}.Release|x64.Build.0 = Release|Any CPU
		{10A86457-DA04-4F68-B7DE-B2528BE5CFA0}.Release|x86.ActiveCfg = Release|Any CPU
		{10A86457-DA04-4F68-B7DE-B2528BE5CFA0}.Release|x86.Build.0 = Release|Any CPU
		{CFB7E4AF-6EB8-4110-B92E-B3775277D02C}.Debug|Any CPU.ActiveCfg = Debug|Any CPU
		{CFB7E4AF-6EB8-4110-B92E-B3775277D02C}.Debug|Any CPU.Build.0 = Debug|Any CPU
		{CFB7E4AF-6EB8-4110-B92E-B3775277D02C}.Debug|x64.ActiveCfg = Debug|Any CPU
		{CFB7E4AF-6EB8-4110-B92E-B3775277D02C}.Debug|x64.Build.0 = Debug|Any CPU
		{CFB7E4AF-6EB8-4110-B92E-B3775277D02C}.Debug|x86.ActiveCfg = Debug|Any CPU
		{CFB7E4AF-6EB8-4110-B92E-B3775277D02C}.Debug|x86.Build.0 = Debug|Any CPU
		{CFB7E4AF-6EB8-4110-B92E-B3775277D02C}.Release|Any CPU.ActiveCfg = Release|Any CPU
		{CFB7E4AF-6EB8-4110-B92E-B3775277D02C}.Release|Any CPU.Build.0 = Release|Any CPU
		{CFB7E4AF-6EB8-4110-B92E-B3775277D02C}.Release|x64.ActiveCfg = Release|Any CPU
		{CFB7E4AF-6EB8-4110-B92E-B3775277D02C}.Release|x64.Build.0 = Release|Any CPU
		{CFB7E4AF-6EB8-4110-B92E-B3775277D02C}.Release|x86.ActiveCfg = Release|Any CPU
		{CFB7E4AF-6EB8-4110-B92E-B3775277D02C}.Release|x86.Build.0 = Release|Any CPU
		{F50FD7C2-C45C-47F9-BFD9-C165A9570666}.Debug|Any CPU.ActiveCfg = Debug|Any CPU
		{F50FD7C2-C45C-47F9-BFD9-C165A9570666}.Debug|Any CPU.Build.0 = Debug|Any CPU
		{F50FD7C2-C45C-47F9-BFD9-C165A9570666}.Debug|x64.ActiveCfg = Debug|Any CPU
		{F50FD7C2-C45C-47F9-BFD9-C165A9570666}.Debug|x64.Build.0 = Debug|Any CPU
		{F50FD7C2-C45C-47F9-BFD9-C165A9570666}.Debug|x86.ActiveCfg = Debug|Any CPU
		{F50FD7C2-C45C-47F9-BFD9-C165A9570666}.Debug|x86.Build.0 = Debug|Any CPU
		{F50FD7C2-C45C-47F9-BFD9-C165A9570666}.Release|Any CPU.ActiveCfg = Release|Any CPU
		{F50FD7C2-C45C-47F9-BFD9-C165A9570666}.Release|Any CPU.Build.0 = Release|Any CPU
		{F50FD7C2-C45C-47F9-BFD9-C165A9570666}.Release|x64.ActiveCfg = Release|Any CPU
		{F50FD7C2-C45C-47F9-BFD9-C165A9570666}.Release|x64.Build.0 = Release|Any CPU
		{F50FD7C2-C45C-47F9-BFD9-C165A9570666}.Release|x86.ActiveCfg = Release|Any CPU
		{F50FD7C2-C45C-47F9-BFD9-C165A9570666}.Release|x86.Build.0 = Release|Any CPU
		{2D00726D-0EF1-44BD-8DE0-5316BEC74DED}.Debug|Any CPU.ActiveCfg = Debug|Any CPU
		{2D00726D-0EF1-44BD-8DE0-5316BEC74DED}.Debug|Any CPU.Build.0 = Debug|Any CPU
		{2D00726D-0EF1-44BD-8DE0-5316BEC74DED}.Debug|x64.ActiveCfg = Debug|Any CPU
		{2D00726D-0EF1-44BD-8DE0-5316BEC74DED}.Debug|x64.Build.0 = Debug|Any CPU
		{2D00726D-0EF1-44BD-8DE0-5316BEC74DED}.Debug|x86.ActiveCfg = Debug|Any CPU
		{2D00726D-0EF1-44BD-8DE0-5316BEC74DED}.Debug|x86.Build.0 = Debug|Any CPU
		{2D00726D-0EF1-44BD-8DE0-5316BEC74DED}.Release|Any CPU.ActiveCfg = Release|Any CPU
		{2D00726D-0EF1-44BD-8DE0-5316BEC74DED}.Release|Any CPU.Build.0 = Release|Any CPU
		{2D00726D-0EF1-44BD-8DE0-5316BEC74DED}.Release|x64.ActiveCfg = Release|Any CPU
		{2D00726D-0EF1-44BD-8DE0-5316BEC74DED}.Release|x64.Build.0 = Release|Any CPU
		{2D00726D-0EF1-44BD-8DE0-5316BEC74DED}.Release|x86.ActiveCfg = Release|Any CPU
		{2D00726D-0EF1-44BD-8DE0-5316BEC74DED}.Release|x86.Build.0 = Release|Any CPU
		{3D5C48EE-F5BD-4AD1-BFED-049C4887E683}.Debug|Any CPU.ActiveCfg = Debug|Any CPU
		{3D5C48EE-F5BD-4AD1-BFED-049C4887E683}.Debug|Any CPU.Build.0 = Debug|Any CPU
		{3D5C48EE-F5BD-4AD1-BFED-049C4887E683}.Debug|x64.ActiveCfg = Debug|Any CPU
		{3D5C48EE-F5BD-4AD1-BFED-049C4887E683}.Debug|x64.Build.0 = Debug|Any CPU
		{3D5C48EE-F5BD-4AD1-BFED-049C4887E683}.Debug|x86.ActiveCfg = Debug|Any CPU
		{3D5C48EE-F5BD-4AD1-BFED-049C4887E683}.Debug|x86.Build.0 = Debug|Any CPU
		{3D5C48EE-F5BD-4AD1-BFED-049C4887E683}.Release|Any CPU.ActiveCfg = Release|Any CPU
		{3D5C48EE-F5BD-4AD1-BFED-049C4887E683}.Release|Any CPU.Build.0 = Release|Any CPU
		{3D5C48EE-F5BD-4AD1-BFED-049C4887E683}.Release|x64.ActiveCfg = Release|Any CPU
		{3D5C48EE-F5BD-4AD1-BFED-049C4887E683}.Release|x64.Build.0 = Release|Any CPU
		{3D5C48EE-F5BD-4AD1-BFED-049C4887E683}.Release|x86.ActiveCfg = Release|Any CPU
		{3D5C48EE-F5BD-4AD1-BFED-049C4887E683}.Release|x86.Build.0 = Release|Any CPU
		{354A62FD-950F-410E-A138-73D203C5650F}.Debug|Any CPU.ActiveCfg = Debug|Any CPU
		{354A62FD-950F-410E-A138-73D203C5650F}.Debug|Any CPU.Build.0 = Debug|Any CPU
		{354A62FD-950F-410E-A138-73D203C5650F}.Debug|x64.ActiveCfg = Debug|Any CPU
		{354A62FD-950F-410E-A138-73D203C5650F}.Debug|x64.Build.0 = Debug|Any CPU
		{354A62FD-950F-410E-A138-73D203C5650F}.Debug|x86.ActiveCfg = Debug|Any CPU
		{354A62FD-950F-410E-A138-73D203C5650F}.Debug|x86.Build.0 = Debug|Any CPU
		{354A62FD-950F-410E-A138-73D203C5650F}.Release|Any CPU.ActiveCfg = Release|Any CPU
		{354A62FD-950F-410E-A138-73D203C5650F}.Release|Any CPU.Build.0 = Release|Any CPU
		{354A62FD-950F-410E-A138-73D203C5650F}.Release|x64.ActiveCfg = Release|Any CPU
		{354A62FD-950F-410E-A138-73D203C5650F}.Release|x64.Build.0 = Release|Any CPU
		{354A62FD-950F-410E-A138-73D203C5650F}.Release|x86.ActiveCfg = Release|Any CPU
		{354A62FD-950F-410E-A138-73D203C5650F}.Release|x86.Build.0 = Release|Any CPU
		{40E52C16-881C-4BAE-8A01-E1AD187290DA}.Debug|Any CPU.ActiveCfg = Debug|Any CPU
		{40E52C16-881C-4BAE-8A01-E1AD187290DA}.Debug|Any CPU.Build.0 = Debug|Any CPU
		{40E52C16-881C-4BAE-8A01-E1AD187290DA}.Debug|x64.ActiveCfg = Debug|Any CPU
		{40E52C16-881C-4BAE-8A01-E1AD187290DA}.Debug|x64.Build.0 = Debug|Any CPU
		{40E52C16-881C-4BAE-8A01-E1AD187290DA}.Debug|x86.ActiveCfg = Debug|Any CPU
		{40E52C16-881C-4BAE-8A01-E1AD187290DA}.Debug|x86.Build.0 = Debug|Any CPU
		{40E52C16-881C-4BAE-8A01-E1AD187290DA}.Release|Any CPU.ActiveCfg = Release|Any CPU
		{40E52C16-881C-4BAE-8A01-E1AD187290DA}.Release|Any CPU.Build.0 = Release|Any CPU
		{40E52C16-881C-4BAE-8A01-E1AD187290DA}.Release|x64.ActiveCfg = Release|Any CPU
		{40E52C16-881C-4BAE-8A01-E1AD187290DA}.Release|x64.Build.0 = Release|Any CPU
		{40E52C16-881C-4BAE-8A01-E1AD187290DA}.Release|x86.ActiveCfg = Release|Any CPU
		{40E52C16-881C-4BAE-8A01-E1AD187290DA}.Release|x86.Build.0 = Release|Any CPU
		{C79D3FD6-ED67-46F1-9349-D9CFE23E05DF}.Debug|Any CPU.ActiveCfg = Debug|Any CPU
		{C79D3FD6-ED67-46F1-9349-D9CFE23E05DF}.Debug|Any CPU.Build.0 = Debug|Any CPU
		{C79D3FD6-ED67-46F1-9349-D9CFE23E05DF}.Debug|x64.ActiveCfg = Debug|Any CPU
		{C79D3FD6-ED67-46F1-9349-D9CFE23E05DF}.Debug|x64.Build.0 = Debug|Any CPU
		{C79D3FD6-ED67-46F1-9349-D9CFE23E05DF}.Debug|x86.ActiveCfg = Debug|Any CPU
		{C79D3FD6-ED67-46F1-9349-D9CFE23E05DF}.Debug|x86.Build.0 = Debug|Any CPU
		{C79D3FD6-ED67-46F1-9349-D9CFE23E05DF}.Release|Any CPU.ActiveCfg = Release|Any CPU
		{C79D3FD6-ED67-46F1-9349-D9CFE23E05DF}.Release|Any CPU.Build.0 = Release|Any CPU
		{C79D3FD6-ED67-46F1-9349-D9CFE23E05DF}.Release|x64.ActiveCfg = Release|Any CPU
		{C79D3FD6-ED67-46F1-9349-D9CFE23E05DF}.Release|x64.Build.0 = Release|Any CPU
		{C79D3FD6-ED67-46F1-9349-D9CFE23E05DF}.Release|x86.ActiveCfg = Release|Any CPU
		{C79D3FD6-ED67-46F1-9349-D9CFE23E05DF}.Release|x86.Build.0 = Release|Any CPU
		{102A97B2-B61C-480F-80F6-B98CD6E90F86}.Debug|Any CPU.ActiveCfg = Debug|Any CPU
		{102A97B2-B61C-480F-80F6-B98CD6E90F86}.Debug|Any CPU.Build.0 = Debug|Any CPU
		{102A97B2-B61C-480F-80F6-B98CD6E90F86}.Debug|x64.ActiveCfg = Debug|Any CPU
		{102A97B2-B61C-480F-80F6-B98CD6E90F86}.Debug|x64.Build.0 = Debug|Any CPU
		{102A97B2-B61C-480F-80F6-B98CD6E90F86}.Debug|x86.ActiveCfg = Debug|Any CPU
		{102A97B2-B61C-480F-80F6-B98CD6E90F86}.Debug|x86.Build.0 = Debug|Any CPU
		{102A97B2-B61C-480F-80F6-B98CD6E90F86}.Release|Any CPU.ActiveCfg = Release|Any CPU
		{102A97B2-B61C-480F-80F6-B98CD6E90F86}.Release|Any CPU.Build.0 = Release|Any CPU
		{102A97B2-B61C-480F-80F6-B98CD6E90F86}.Release|x64.ActiveCfg = Release|Any CPU
		{102A97B2-B61C-480F-80F6-B98CD6E90F86}.Release|x64.Build.0 = Release|Any CPU
		{102A97B2-B61C-480F-80F6-B98CD6E90F86}.Release|x86.ActiveCfg = Release|Any CPU
		{102A97B2-B61C-480F-80F6-B98CD6E90F86}.Release|x86.Build.0 = Release|Any CPU
		{7BAE549D-B6D6-4CD5-A58A-F0A07582BB7E}.Debug|Any CPU.ActiveCfg = Debug|Any CPU
		{7BAE549D-B6D6-4CD5-A58A-F0A07582BB7E}.Debug|Any CPU.Build.0 = Debug|Any CPU
		{7BAE549D-B6D6-4CD5-A58A-F0A07582BB7E}.Debug|x64.ActiveCfg = Debug|Any CPU
		{7BAE549D-B6D6-4CD5-A58A-F0A07582BB7E}.Debug|x64.Build.0 = Debug|Any CPU
		{7BAE549D-B6D6-4CD5-A58A-F0A07582BB7E}.Debug|x86.ActiveCfg = Debug|Any CPU
		{7BAE549D-B6D6-4CD5-A58A-F0A07582BB7E}.Debug|x86.Build.0 = Debug|Any CPU
		{7BAE549D-B6D6-4CD5-A58A-F0A07582BB7E}.Release|Any CPU.ActiveCfg = Release|Any CPU
		{7BAE549D-B6D6-4CD5-A58A-F0A07582BB7E}.Release|Any CPU.Build.0 = Release|Any CPU
		{7BAE549D-B6D6-4CD5-A58A-F0A07582BB7E}.Release|x64.ActiveCfg = Release|Any CPU
		{7BAE549D-B6D6-4CD5-A58A-F0A07582BB7E}.Release|x64.Build.0 = Release|Any CPU
		{7BAE549D-B6D6-4CD5-A58A-F0A07582BB7E}.Release|x86.ActiveCfg = Release|Any CPU
		{7BAE549D-B6D6-4CD5-A58A-F0A07582BB7E}.Release|x86.Build.0 = Release|Any CPU
	EndGlobalSection
	GlobalSection(SolutionProperties) = preSolution
		HideSolutionNode = FALSE
	EndGlobalSection
	GlobalSection(NestedProjects) = preSolution
		{DCAE6502-C8F7-4CE7-AEFA-F8ED5F5B628C} = {827E0CD3-B72D-47B6-A68D-7590B98EB39B}
		{28A8EAC5-8E5D-4C67-9928-94569AA6767E} = {827E0CD3-B72D-47B6-A68D-7590B98EB39B}
		{10A86457-DA04-4F68-B7DE-B2528BE5CFA0} = {827E0CD3-B72D-47B6-A68D-7590B98EB39B}
		{CFB7E4AF-6EB8-4110-B92E-B3775277D02C} = {827E0CD3-B72D-47B6-A68D-7590B98EB39B}
		{F50FD7C2-C45C-47F9-BFD9-C165A9570666} = {827E0CD3-B72D-47B6-A68D-7590B98EB39B}
		{2D00726D-0EF1-44BD-8DE0-5316BEC74DED} = {827E0CD3-B72D-47B6-A68D-7590B98EB39B}
		{3D5C48EE-F5BD-4AD1-BFED-049C4887E683} = {827E0CD3-B72D-47B6-A68D-7590B98EB39B}
		{354A62FD-950F-410E-A138-73D203C5650F} = {827E0CD3-B72D-47B6-A68D-7590B98EB39B}
		{40E52C16-881C-4BAE-8A01-E1AD187290DA} = {827E0CD3-B72D-47B6-A68D-7590B98EB39B}
		{C79D3FD6-ED67-46F1-9349-D9CFE23E05DF} = {827E0CD3-B72D-47B6-A68D-7590B98EB39B}
		{102A97B2-B61C-480F-80F6-B98CD6E90F86} = {827E0CD3-B72D-47B6-A68D-7590B98EB39B}
		{7BAE549D-B6D6-4CD5-A58A-F0A07582BB7E} = {827E0CD3-B72D-47B6-A68D-7590B98EB39B}
	EndGlobalSection
EndGlobal
